{
  "lockfileVersion": 1,
  "workspaces": {
    "": {
      "dependencies": {
        "@faker-js/faker": "^10.0.0",
      },
    },
  },
  "packages": {
    "@faker-js/faker": ["@faker-js/faker@10.0.0", "", {}, "sha512-UollFEUkVXutsaP+Vndjxar40Gs5JL2HeLcl8xO1QAjJgOdhc3OmBFWyEylS+RddWaaBiAzH+5/17PLQJwDiLw=="],
  }
}
